
Microsoft Visual Studio Solution File, Format Version 12.00
# Visual Studio 2013
VisualStudioVersion = 12.0.21005.1
MinimumVisualStudioVersion = 10.0.40219.1
Project("{8BC9CEB8-8B4A-11D0-8D11-00A0C91BC942}") = "mbed", "mbed.vcxproj", "{263B5F22-EF8E-4C3D-9E83-2C1405FD1F4F}"
EndProject
Global
	GlobalSection(SolutionConfigurationPlatforms) = preSolution
		DEBUG_ARMCC|Win32 = DEBUG_ARMCC|Win32
		DEBUG_GCC_ARM|Win32 = DEBUG_GCC_ARM|Win32
		DEBUG_IAR|Win32 = DEBUG_IAR|Win32
		REL_ARMCC|Win32 = REL_ARMCC|Win32
		REL_GCC_ARM|Win32 = REL_GCC_ARM|Win32
		REL_IAR|Win32 = REL_IAR|Win32
	EndGlobalSection
	GlobalSection(ProjectConfigurationPlatforms) = postSolution
		{263B5F22-EF8E-4C3D-9E83-2C1405FD1F4F}.DEBUG_ARMCC|Win32.ActiveCfg = DEBUG_ARMCC|Win32
		{263B5F22-EF8E-4C3D-9E83-2C1405FD1F4F}.DEBUG_ARMCC|Win32.Build.0 = DEBUG_ARMCC|Win32
		{263B5F22-EF8E-4C3D-9E83-2C1405FD1F4F}.DEBUG_GCC_ARM|Win32.ActiveCfg = DEBUG_GCC_ARM|Win32
		{263B5F22-EF8E-4C3D-9E83-2C1405FD1F4F}.DEBUG_GCC_ARM|Win32.Build.0 = DEBUG_GCC_ARM|Win32
		{263B5F22-EF8E-4C3D-9E83-2C1405FD1F4F}.DEBUG_IAR|Win32.ActiveCfg = DEBUG_IAR|Win32
		{263B5F22-EF8E-4C3D-9E83-2C1405FD1F4F}.DEBUG_IAR|Win32.Build.0 = DEBUG_IAR|Win32
		{263B5F22-EF8E-4C3D-9E83-2C1405FD1F4F}.REL_ARMCC|Win32.ActiveCfg = REL_ARMCC|Win32
		{263B5F22-EF8E-4C3D-9E83-2C1405FD1F4F}.REL_ARMCC|Win32.Build.0 = REL_ARMCC|Win32
		{263B5F22-EF8E-4C3D-9E83-2C1405FD1F4F}.REL_GCC_ARM|Win32.ActiveCfg = REL_GCC_ARM|Win32
		{263B5F22-EF8E-4C3D-9E83-2C1405FD1F4F}.REL_GCC_ARM|Win32.Build.0 = REL_GCC_ARM|Win32
		{263B5F22-EF8E-4C3D-9E83-2C1405FD1F4F}.REL_IAR|Win32.ActiveCfg = REL_IAR|Win32
		{263B5F22-EF8E-4C3D-9E83-2C1405FD1F4F}.REL_IAR|Win32.Build.0 = REL_IAR|Win32
	EndGlobalSection
	GlobalSection(SolutionProperties) = preSolution
		HideSolutionNode = FALSE
	EndGlobalSection
EndGlobal
